<?xml version="1.0" encoding="utf-8"?>
<Project ToolsVersion="4.0" xmlns="http://schemas.microsoft.com/developer/msbuild/2003">
  <ItemGroup>
    <ClCompile Include="..\Source\Game\source\GameWorld.cpp" />
    <ClCompile Include="..\Source\Game\source\main.cpp" />
    <ClCompile Include="..\Source\Game\source\Space Invaders\Scene.cpp">
      <Filter>Space Invaders</Filter>
    </ClCompile>
    <ClCompile Include="..\Source\Game\source\Space Invaders\actors\Actor.cpp">
      <Filter>Space Invaders\Actors</Filter>
    </ClCompile>
    <ClCompile Include="..\Source\Game\source\Space Invaders\actors\controllers\InputController.cpp">
      <Filter>Space Invaders\Actors\Controllers</Filter>
    </ClCompile>
    <ClCompile Include="..\Source\Game\source\Space Invaders\logistics\ui\CanvasManager.cpp">
      <Filter>Space Invaders\Logistics\UI</Filter>
    </ClCompile>
    <ClCompile Include="..\Source\Game\source\Space Invaders\logistics\ui\framework\UICanvas.cpp" />
    <ClCompile Include="..\Source\Game\source\Space Invaders\logistics\WeaponSystem.cpp" />
  </ItemGroup>
  <ItemGroup>
    <ClInclude Include="..\Source\Game\source\GameWorld.h" />
    <ClInclude Include="..\Source\Game\source\Space Invaders\Scene.h">
      <Filter>Space Invaders</Filter>
    </ClInclude>
    <ClInclude Include="..\Source\Game\source\Space Invaders\Entity.h">
      <Filter>Space Invaders</Filter>
    </ClInclude>
    <ClInclude Include="..\Source\Game\source\Space Invaders\Component.h">
      <Filter>Space Invaders</Filter>
    </ClInclude>
    <ClInclude Include="..\Source\Game\source\Space Invaders\rendering\Sprite.h">
      <Filter>Space Invaders\Rendering</Filter>
    </ClInclude>
    <ClInclude Include="..\Source\Game\source\Space Invaders\actors\Actor.h">
      <Filter>Space Invaders\Actors</Filter>
    </ClInclude>
    <ClInclude Include="..\Source\Game\source\Space Invaders\actors\controllers\InputController.h">
      <Filter>Space Invaders\Actors\Controllers</Filter>
    </ClInclude>
    <ClInclude Include="..\Source\Game\source\Space Invaders\logistics\ui\CanvasManager.h">
      <Filter>Space Invaders\Logistics\UI</Filter>
    </ClInclude>
    <ClInclude Include="..\Source\Game\source\Space Invaders\logistics\ui\framework\UICanvas.h">
      <Filter>Space Invaders\Logistics\UI\Framework</Filter>
    </ClInclude>
    <ClInclude Include="..\Source\Game\source\Space Invaders\logistics\WeaponSystem.h">
      <Filter>Space Invaders\Logistics</Filter>
    </ClInclude>
  </ItemGroup>
  <ItemGroup>
    <Filter Include="Space Invaders">
      <UniqueIdentifier>{514f2d9e-ffe9-44f3-b381-5e7ca6119ef8}</UniqueIdentifier>
    </Filter>
    <Filter Include="Space Invaders\Rendering">
      <UniqueIdentifier>{07785e4d-f882-4d20-8ec8-9b5efbed8b5b}</UniqueIdentifier>
    </Filter>
    <Filter Include="Space Invaders\Actors">
      <UniqueIdentifier>{b322e611-c770-45b3-8e0b-34c5faf2bbc6}</UniqueIdentifier>
    </Filter>
    <Filter Include="Space Invaders\Actors\Controllers">
      <UniqueIdentifier>{d461abda-4600-4687-9933-2699e8f7ea93}</UniqueIdentifier>
    </Filter>
    <Filter Include="Space Invaders\Logistics">
      <UniqueIdentifier>{87c69c74-5324-490e-a427-d0161e8e333e}</UniqueIdentifier>
    </Filter>
    <Filter Include="Space Invaders\Logistics\UI">
      <UniqueIdentifier>{e1c90b85-2429-48ca-8aff-91841ddc0ac9}</UniqueIdentifier>
    </Filter>
    <Filter Include="Space Invaders\Logistics\UI\Framework">
      <UniqueIdentifier>{de221fad-70c3-4aab-82e0-715c8688a2e0}</UniqueIdentifier>
    </Filter>
  </ItemGroup>
</Project>